// !$*UTF8*$!
{
	archiveVersion = 1;
	classes = {
	};
	objectVersion = 46;
	objects = {

/* Begin PBXBuildFile section */
		077A31B81C9D195500ADBFFC /* main.cpp in Sources */ = {isa = PBXBuildFile; fileRef = 077A31B71C9D195500ADBFFC /* main.cpp */; };
		077A31C01C9D196C00ADBFFC /* binarysearch.cpp in Sources */ = {isa = PBXBuildFile; fileRef = 077A31BE1C9D196C00ADBFFC /* binarysearch.cpp */; };
/* End PBXBuildFile section */

/* Begin PBXCopyFilesBuildPhase section */
		077A31B21C9D195500ADBFFC /* CopyFiles */ = {
			isa = PBXCopyFilesBuildPhase;
			buildActionMask = 2147483647;
			dstPath = /usr/share/man/man1/;
			dstSubfolderSpec = 0;
			files = (
			);
			runOnlyForDeploymentPostprocessing = 1;
		};
/* End PBXCopyFilesBuildPhase section */

/* Begin PBXFileReference section */
		077A31B41C9D195500ADBFFC /* binarysort */ = {isa = PBXFileReference; explicitFileType = "compiled.mach-o.executable"; includeInIndex = 0; path = binarysort; sourceTree = BUILT_PRODUCTS_DIR; };
		077A31B71C9D195500ADBFFC /* main.cpp */ = {isa = PBXFileReference; lastKnownFileType = sourcecode.cpp.cpp; path = main.cpp; sourceTree = "<group>"; };
		077A31BE1C9D196C00ADBFFC /* binarysearch.cpp */ = {isa = PBXFileReference; fileEncoding = 4; lastKnownFileType = sourcecode.cpp.cpp; path = binarysearch.cpp; sourceTree = "<group>"; };
		077A31BF1C9D196C00ADBFFC /* binarysearch.hpp */ = {isa = PBXFileReference; fileEncoding = 4; lastKnownFileType = sourcecode.cpp.h; path = binarysearch.hpp; sourceTree = "<group>"; };
/* End PBXFileReference section */

/* Begin PBXFrameworksBuildPhase section */
		077A31B11C9D195500ADBFFC /* Frameworks */ = {
			isa = PBXFrameworksBuildPhase;
			buildActionMask = 2147483647;
			files = (
			);
			runOnlyForDeploymentPostprocessing = 0;
		};
/* End PBXFrameworksBuildPhase section */

/* Begin PBXGroup section */
		077A31AB1C9D195500ADBFFC = {
			isa = PBXGroup;
			children = (
				077A31B61C9D195500ADBFFC /* binarysort */,
				077A31B51C9D195500ADBFFC /* Products */,
			);
			sourceTree = "<group>";
		};
		077A31B51C9D195500ADBFFC /* Products */ = {
			isa = PBXGroup;
			children = (
				077A31B41C9D195500ADBFFC /* binarysort */,
			);
			name = Products;
			sourceTree = "<group>";
		};
		077A31B61C9D195500ADBFFC /* binarysort */ = {
			isa = PBXGroup;
			children = (
				077A31B71C9D195500ADBFFC /* main.cpp */,
				077A31BE1C9D196C00ADBFFC /* binarysearch.cpp */,
				077A31BF1C9D196C00ADBFFC /* binarysearch.hpp */,
			);
			path = binarysort;
			sourceTree = "<group>";
		};
/* End PBXGroup section */

/* Begin PBXNativeTarget section */
		077A31B31C9D195500ADBFFC /* binarysort */ = {
			isa = PBXNativeTarget;
			buildConfigurationList = 077A31BB1C9D195500ADBFFC /* Build configuration list for PBXNativeTarget "binarysort" */;
			buildPhases = (
				077A31B01C9D195500ADBFFC /* Sources */,
				077A31B11C9D195500ADBFFC /* Frameworks */,
				077A31B21C9D195500ADBFFC /* CopyFiles */,
			);
			buildRules = (
			);
			dependencies = (
			);
			name = binarysort;
			productName = binarysort;
			productReference = 077A31B41C9D195500ADBFFC /* binarysort */;
			productType = "com.apple.product-type.tool";
		};
/* End PBXNativeTarget section */

/* Begin PBXProject section */
		077A31AC1C9D195500ADBFFC /* Project object */ = {
			isa = PBXProject;
			attributes = {
				LastUpgradeCheck = 0720;
				ORGANIZATIONNAME = cqj;
				TargetAttributes = {
					077A31B31C9D195500ADBFFC = {
						CreatedOnToolsVersion = 7.2.1;
					};
				};
			};
			buildConfigurationList = 077A31AF1C9D195500ADBFFC /* Build configuration list for PBXProject "binarysort" */;
			compatibilityVersion = "Xcode 3.2";
			developmentRegion = English;
			hasScannedForEncodings = 0;
			knownRegions = (
				en,
			);
			mainGroup = 077A31AB1C9D195500ADBFFC;
			productRefGroup = 077A31B51C9D195500ADBFFC /* Products */;
			projectDirPath = "";
			projectRoot = "";
			targets = (
				077A31B31C9D195500ADBFFC /* binarysort */,
			);
		};
/* End PBXProject section */

/* Begin PBXSourcesBuildPhase section */
		077A31B01C9D195500ADBFFC /* Sources */ = {
			isa = PBXSourcesBuildPhase;
			buildActionMask = 2147483647;
			files = (
				077A31C01C9D196C00ADBFFC /* binarysearch.cpp in Sources */,
				077A31B81C9D195500ADBFFC /* main.cpp in Sources */,
			);
			runOnlyForDeploymentPostprocessing = 0;
		};
/* End PBXSourcesBuildPhase section */

/* Begin XCBuildConfiguration section */
		077A31B91C9D195500ADBFFC /* Debug */ = {
			isa = XCBuildConfiguration;
			buildSettings = {
				ALWAYS_SEARCH_USER_PATHS = NO;
				CLANG_CXX_LANGUAGE_STANDARD = "gnu++0x";
				CLANG_CXX_LIBRARY = "libc++";
				CLANG_ENABLE_MODULES = YES;
				CLANG_ENABLE_OBJC_ARC = YES;
				CLANG_WARN_BOOL_CONVERSION = YES;
				CLANG_WARN_CONSTANT_CONVERSION = YES;
				CLANG_WARN_DIRECT_OBJC_ISA_USAGE = YES_ERROR;
				CLANG_WARN_EMPTY_BODY = YES;
				CLANG_WARN_ENUM_CONVERSION = YES;
				CLANG_WARN_INT_CONVERSION = YES;
				CLANG_WARN_OBJC_ROOT_CLASS = YES_ERROR;
				CLANG_WARN_UNREACHABLE_CODE = YES;
				CLANG_WARN__DUPLICATE_METHOD_MATCH = YES;
				CODE_SIGN_IDENTITY = "-";
				COPY_PHASE_STRIP = NO;
				DEBUG_INFORMATION_FORMAT = dwarf;
				ENABLE_STRICT_OBJC_MSGSEND = YES;
				ENABLE_TESTABILITY = YES;
				GCC_C_LANGUAGE_STANDARD = gnu99;
				GCC_DYNAMIC_NO_PIC = NO;
				GCC_NO_COMMON_BLOCKS = YES;
				GCC_OPTIMIZATION_LEVEL = 0;
				GCC_PREPROCESSOR_DEFINITIONS = (
					"DEBUG=1",
					"$(inherited)",
				);
				GCC_WARN_64_TO_32_BIT_CONVERSION = YES;
				GCC_WARN_ABOUT_RETURN_TYPE = YES_ERROR;
				GCC_WARN_UNDECLARED_SELECTOR = YES;
				GCC_WARN_UNINITIALIZED_AUTOS = YES_AGGRESSIVE;
				GCC_WARN_UNUSED_FUNCTION = YES;
				GCC_WARN_UNUSED_VARIABLE = YES;
				MACOSX_DEPLOYMENT_TARGET = 10.11;
				MTL_ENABLE_DEBUG_INFO = YES;
				ONLY_ACTIVE_ARCH = YES;
				SDKROOT = macosx;
			};
			name = Debug;
		};
		077A31BA1C9D195500ADBFFC /* Release */ = {
			isa = XCBuildConfiguration;
			buildSettings = {
				ALWAYS_SEARCH_USER_PATHS = NO;
				CLANG_CXX_LANGUAGE_STANDARD = "gnu++0x";
				CLANG_CXX_LIBRARY = "libc++";
				CLANG_ENABLE_MODULES = YES;
				CLANG_ENABLE_OBJC_ARC = YES;
				CLANG_WARN_BOOL_CONVERSION = YES;
				CLANG_WARN_CONSTANT_CONVERSION = YES;
				CLANG_WARN_DIRECT_OBJC_ISA_USAGE = YES_ERROR;
				CLANG_WARN_EMPTY_BODY = YES;
				CLANG_WARN_ENUM_CONVERSION = YES;
				CLANG_WARN_INT_CONVERSION = YES;
				CLANG_WARN_OBJC_ROOT_CLASS = YES_ERROR;
				CLANG_WARN_UNREACHABLE_CODE = YES;
				CLANG_WARN__DUPLICATE_METHOD_MATCH = YES;
				CODE_SIGN_IDENTITY = "-";
				COPY_PHASE_STRIP = NO;
				DEBUG_INFORMATION_FORMAT = "dwarf-with-dsym";
				ENABLE_NS_ASSERTIONS = NO;
				ENABLE_STRICT_OBJC_MSGSEND = YES;
				GCC_C_LANGUAGE_STANDARD = gnu99;
				GCC_NO_COMMON_BLOCKS = YES;
				GCC_WARN_64_TO_32_BIT_CONVERSION = YES;
				GCC_WARN_ABOUT_RETURN_TYPE = YES_ERROR;
				GCC_WARN_UNDECLARED_SELECTOR = YES;
				GCC_WARN_UNINITIALIZED_AUTOS = YES_AGGRESSIVE;
				GCC_WARN_UNUSED_FUNCTION = YES;
				GCC_WARN_UNUSED_VARIABLE = YES;
				MACOSX_DEPLOYMENT_TARGET = 10.11;
				MTL_ENABLE_DEBUG_INFO = NO;
				SDKROOT = macosx;
			};
			name = Release;
		};
		077A31BC1C9D195500ADBFFC /* Debug */ = {
			isa = XCBuildConfiguration;
			buildSettings = {
				PRODUCT_NAME = "$(TARGET_NAME)";
			};
			name = Debug;
		};
		077A31BD1C9D195500ADBFFC /* Release */ = {
			isa = XCBuildConfiguration;
			buildSettings = {
				PRODUCT_NAME = "$(TARGET_NAME)";
			};
			name = Release;
		};
/* End XCBuildConfiguration section */

/* Begin XCConfigurationList section */
		077A31AF1C9D195500ADBFFC /* Build configuration list for PBXProject "binarysort" */ = {
			isa = XCConfigurationList;
			buildConfigurations = (
				077A31B91C9D195500ADBFFC /* Debug */,
				077A31BA1C9D195500ADBFFC /* Release */,
			);
			defaultConfigurationIsVisible = 0;
			defaultConfigurationName = Release;
		};
		077A31BB1C9D195500ADBFFC /* Build configuration list for PBXNativeTarget "binarysort" */ = {
			isa = XCConfigurationList;
			buildConfigurations = (
				077A31BC1C9D195500ADBFFC /* Debug */,
				077A31BD1C9D195500ADBFFC /* Release */,
			);
			defaultConfigurationIsVisible = 0;
		};
/* End XCConfigurationList section */
	};
	rootObject = 077A31AC1C9D195500ADBFFC /* Project object */;
}
